
Microsoft Visual Studio Solution File, Format Version 12.00
# Visual Studio 14
VisualStudioVersion = 14.0.23107.0
MinimumVisualStudioVersion = 10.0.40219.1
Project("{FAE04EC0-301F-11D3-BF4B-00C04F79EFBC}") = "PomodoroTimer", "PomodoroTimer\PomodoroTimer.csproj", "{B46F0CEB-A9F5-4E57-9011-492F6A8317AD}"
EndProject
Project("{FAE04EC0-301F-11D3-BF4B-00C04F79EFBC}") = "PomodoroTimerTest", "PomodoroTimerTest\PomodoroTimerTest.csproj", "{F9EF2326-2FEE-4319-A102-392711E74F69}"
EndProject
Global
	GlobalSection(SolutionConfigurationPlatforms) = preSolution
		Debug|Any CPU = Debug|Any CPU
		Release|Any CPU = Release|Any CPU
	EndGlobalSection
	GlobalSection(ProjectConfigurationPlatforms) = postSolution
		{B46F0CEB-A9F5-4E57-9011-492F6A8317AD}.Debug|Any CPU.ActiveCfg = Debug|Any CPU
		{B46F0CEB-A9F5-4E57-9011-492F6A8317AD}.Debug|Any CPU.Build.0 = Debug|Any CPU
		{B46F0CEB-A9F5-4E57-9011-492F6A8317AD}.Release|Any CPU.ActiveCfg = Release|Any CPU
		{B46F0CEB-A9F5-4E57-9011-492F6A8317AD}.Release|Any CPU.Build.0 = Release|Any CPU
		{F9EF2326-2FEE-4319-A102-392711E74F69}.Debug|Any CPU.ActiveCfg = Debug|Any CPU
		{F9EF2326-2FEE-4319-A102-392711E74F69}.Debug|Any CPU.Build.0 = Debug|Any CPU
		{F9EF2326-2FEE-4319-A102-392711E74F69}.Release|Any CPU.ActiveCfg = Release|Any CPU
		{F9EF2326-2FEE-4319-A102-392711E74F69}.Release|Any CPU.Build.0 = Release|Any CPU
	EndGlobalSection
	GlobalSection(SolutionProperties) = preSolution
		HideSolutionNode = FALSE
	EndGlobalSection
EndGlobal
